
Microsoft Visual Studio Solution File, Format Version 12.00
# Visual Studio Version 17
VisualStudioVersion = 17.2.32616.157
MinimumVisualStudioVersion = 10.0.40219.1
Project("{9A19103F-16F7-4668-BE54-9A1E7A4F7556}") = "Shop.WPF", "Shop.WPF\Shop.WPF.csproj", "{D376A38B-A898-4069-ABF1-E90C34807924}"
	ProjectSection(ProjectDependencies) = postProject
		{56BB2468-D275-4D1C-894F-EF9626F1A1DD} = {56BB2468-D275-4D1C-894F-EF9626F1A1DD}
	EndProjectSection
EndProject
Project("{9A19103F-16F7-4668-BE54-9A1E7A4F7556}") = "BusinessLogicLayer", "BusinessLogicLayer\BusinessLogicLayer.csproj", "{56BB2468-D275-4D1C-894F-EF9626F1A1DD}"
EndProject
Project("{9A19103F-16F7-4668-BE54-9A1E7A4F7556}") = "DataAccessLayer", "DataAccessLayer\DataAccessLayer.csproj", "{B5A2C132-DFA5-469E-9079-7D949418015C}"
EndProject
Global
	GlobalSection(SolutionConfigurationPlatforms) = preSolution
		Debug|Any CPU = Debug|Any CPU
		Release|Any CPU = Release|Any CPU
	EndGlobalSection
	GlobalSection(ProjectConfigurationPlatforms) = postSolution
		{D376A38B-A898-4069-ABF1-E90C34807924}.Debug|Any CPU.ActiveCfg = Debug|Any CPU
		{D376A38B-A898-4069-ABF1-E90C34807924}.Debug|Any CPU.Build.0 = Debug|Any CPU
		{D376A38B-A898-4069-ABF1-E90C34807924}.Release|Any CPU.ActiveCfg = Release|Any CPU
		{D376A38B-A898-4069-ABF1-E90C34807924}.Release|Any CPU.Build.0 = Release|Any CPU
		{56BB2468-D275-4D1C-894F-EF9626F1A1DD}.Debug|Any CPU.ActiveCfg = Debug|Any CPU
		{56BB2468-D275-4D1C-894F-EF9626F1A1DD}.Debug|Any CPU.Build.0 = Debug|Any CPU
		{56BB2468-D275-4D1C-894F-EF9626F1A1DD}.Release|Any CPU.ActiveCfg = Release|Any CPU
		{56BB2468-D275-4D1C-894F-EF9626F1A1DD}.Release|Any CPU.Build.0 = Release|Any CPU
		{B5A2C132-DFA5-469E-9079-7D949418015C}.Debug|Any CPU.ActiveCfg = Debug|Any CPU
		{B5A2C132-DFA5-469E-9079-7D949418015C}.Debug|Any CPU.Build.0 = Debug|Any CPU
		{B5A2C132-DFA5-469E-9079-7D949418015C}.Release|Any CPU.ActiveCfg = Release|Any CPU
		{B5A2C132-DFA5-469E-9079-7D949418015C}.Release|Any CPU.Build.0 = Release|Any CPU
	EndGlobalSection
	GlobalSection(SolutionProperties) = preSolution
		HideSolutionNode = FALSE
	EndGlobalSection
	GlobalSection(ExtensibilityGlobals) = postSolution
		SolutionGuid = {573F5A98-1237-40AE-89BB-78A1CA5A44A4}
	EndGlobalSection
EndGlobal
